
Microsoft Visual Studio Solution File, Format Version 12.00
# Visual Studio Version 17
VisualStudioVersion = 17.14.37628.2
MinimumVisualStudioVersion = 10.0.40219.1
Project("{FAE04EC0-301F-11D3-BF4B-00C04F79EFBC}") = "SchoolManagementAPI", "SchoolManagementAPI\SchoolManagementAPI.csproj", "{E67D30EE-2526-11F5-EB13-05A8D43C8C0D}"
EndProject
Project("{FAE04EC0-301F-11D3-BF4B-00C04F79EFBC}") = "SchoolManagementAPI.Tests\SchoolManagementAPI.Tests.csproj", "{7BAF9E65-DECE-FADB-B234-7641161B304A}"
EndProject
Project("{FAE04EC0-301F-11D3-BF4B-00C04F79EFBC}") = "SchoolManagementSystem", "SchoolManagementSystem\SchoolManagementSystem.csproj", "{DCDE1606-98BA-1C26-EC05-96835B1DF28C}"
EndProject
Project("{2150E333-8FDC-42A3-9474-1A3956D46DE8}") = "Solution Items", "Solution Items", "{8EC462FD-D22E-90A8-E5CE-7E832BA40C5D}"
	ProjectSection(SolutionItems) = preProject
		.gitignore = .gitignore
		README.md = README.md
	EndProjectSection
EndProject
Project("{2150E333-8FDC-42A3-9474-1A3956D46DE8}") = ".github", ".github", "{02EA681E-C7D8-13C7-8484-4AC65E1B71E8}"
EndProject
Project("{2150E333-8FDC-42A3-9474-1A3956D46DE8}") = "workflows", "workflows", "{54B42900-4D07-4A2A-AB68-6E13CC53A7E8}"
	ProjectSection(SolutionItems) = preProject
		ci.yml = ci.yml
	EndProjectSection
EndProject
Global
	GlobalSection(SolutionConfigurationPlatforms) = preSolution
		Debug|Any CPU = Debug|Any CPU
		Release|Any CPU = Release|Any CPU
	EndGlobalSection
	GlobalSection(ProjectConfigurationPlatforms) = postSolution
		{E67D30EE-2526-11F5-EB13-05A8D43C8C0D}.Debug|Any CPU.ActiveCfg = Debug|Any CPU
		{E67D30EE-2526-11F5-EB13-05A8D43C8C0D}.Debug|Any CPU.Build.0 = Debug|Any CPU
		{E67D30EE-2526-11F5-EB13-05A8D43C8C0D}.Release|Any CPU.ActiveCfg = Release|Any CPU
		{E67D30EE-2526-11F5-EB13-05A8D43C8C0D}.Release|Any CPU.Build.0 = Release|Any CPU
		{7BAF9E65-DECE-FADB-B234-7641161B304A}.Debug|Any CPU.ActiveCfg = Debug|Any CPU
		{7BAF9E65-DECE-FADB-B234-7641161B304A}.Debug|Any CPU.Build.0 = Debug|Any CPU
		{7BAF9E65-DECE-FADB-B234-7641161B304A}.Release|Any CPU.ActiveCfg = Release|Any CPU
		{7BAF9E65-DECE-FADB-B234-7641161B304A}.Release|Any CPU.Build.0 = Release|Any CPU
		{DCDE1606-98BA-1C26-EC05-96835B1DF28C}.Debug|Any CPU.ActiveCfg = Debug|Any CPU
		{DCDE1606-98BA-1C26-EC05-96835B1DF28C}.Debug|Any CPU.Build.0 = Debug|Any CPU
		{DCDE1606-98BA-1C26-EC05-96835B1DF28C}.Release|Any CPU.ActiveCfg = Release|Any CPU
		{DCDE1606-98BA-1C26-EC05-96835B1DF28C}.Release|Any CPU.Build.0 = Release|Any CPU
	EndGlobalSection
	GlobalSection(SolutionProperties) = preSolution
		HideSolutionNode = FALSE
	EndGlobalSection
	GlobalSection(NestedProjects) = preSolution
		{54B42900-4D07-4A2A-AB68-6E13CC53A7E8} = {02EA681E-C7D8-13C7-8484-4AC65E1B71E8}
	EndGlobalSection
	GlobalSection(ExtensibilityGlobals) = postSolution
		SolutionGuid = {D8285926-58BF-46AD-A20F-BC146DA755A5}
	EndGlobalSection
EndGlobal
